
Microsoft Visual Studio Solution File, Format Version 12.00
# Visual Studio 2012
Project("{F184B08F-C81C-45F6-A57F-5ABD9991F28F}") = "LonghornMusic_Team18", "LonghornMusic_Team18\LonghornMusic_Team18.vbproj", "{48E99764-06FF-4224-AB3B-D7AAE1FCB9E3}"
EndProject
Global
	GlobalSection(SolutionConfigurationPlatforms) = preSolution
		Debug|Any CPU = Debug|Any CPU
		Release|Any CPU = Release|Any CPU
	EndGlobalSection
	GlobalSection(ProjectConfigurationPlatforms) = postSolution
		{48E99764-06FF-4224-AB3B-D7AAE1FCB9E3}.Debug|Any CPU.ActiveCfg = Debug|Any CPU
		{48E99764-06FF-4224-AB3B-D7AAE1FCB9E3}.Debug|Any CPU.Build.0 = Debug|Any CPU
		{48E99764-06FF-4224-AB3B-D7AAE1FCB9E3}.Release|Any CPU.ActiveCfg = Release|Any CPU
		{48E99764-06FF-4224-AB3B-D7AAE1FCB9E3}.Release|Any CPU.Build.0 = Release|Any CPU
	EndGlobalSection
	GlobalSection(SolutionProperties) = preSolution
		HideSolutionNode = FALSE
	EndGlobalSection
EndGlobal
